PODS:
  - RxBlocking (3.4.1):
    - RxSwift (~> 3.4)
  - RxCocoa (3.4.1):
    - RxSwift (~> 3.4)
  - RxSwift (3.4.1)
  - RxTest (3.4.1):
    - RxSwift (~> 3.4)
  - SwiftBaseViews/Main (1.1.6):
    - SwiftUIUtilities/Main
  - SwiftUIUtilities/Main (1.5.7):
    - SwiftUtilities/Main
  - SwiftUIUtilitiesTests/Main (1.5.7):
    - SwiftUtilities/Main
    - SwiftUtilitiesTests/Main
  - SwiftUtilities/Main (1.4.0):
    - RxCocoa (~> 3.0)
    - RxSwift (~> 3.0)
  - SwiftUtilitiesTests/Main (1.4.0):
    - RxBlocking (~> 3.0)
    - RxCocoa (~> 3.0)
    - RxSwift (~> 3.0)
    - RxTest (~> 3.0)

DEPENDENCIES:
  - SwiftBaseViews/Main
  - SwiftUIUtilitiesTests/Main
  - SwiftUtilitiesTests/Main

SPEC CHECKSUMS:
  RxBlocking: 1e8c41cfe7ca2fc0e19d0e616c553845c63cbbd3
  RxCocoa: a8a5f1d061d0043e28f56976829f31ce63e8eb09
  RxSwift: 656f8fbeca5bc372121a72d9ebdd3cd3bc0ffade
  RxTest: a6fd6e4069face7c6488f96f6c42296b3e44db48
  SwiftBaseViews: ed80e19113a1033184f43302843ded642100719f
  SwiftUIUtilities: dbd5b4cb78367d5943fbe156820072959bcfcec1
  SwiftUIUtilitiesTests: 9772cf0c8de89ee3196c86862eaa8ea5c4f8069f
  SwiftUtilities: a006686fcd793e828c3130295f3f0f30409cd8d6
  SwiftUtilitiesTests: 1d56cc2d948f8a1f7329e8d5f2d318e8e86014c9

PODFILE CHECKSUM: 21fc23c3812cdd551c0981ecbc4f6bb3d053c152

COCOAPODS: 1.2.1
